// !$*UTF8*$!
{
	archiveVersion = 1;
	classes = {
	};
	objectVersion = 50;
	objects = {

/* Begin PBXBuildFile section */
		3D4902D7217F93F5009A1040 /* AppDelegate.swift in Sources */ = {isa = PBXBuildFile; fileRef = 3D4902D6217F93F5009A1040 /* AppDelegate.swift */; };
		3D4902D9217F93F5009A1040 /* ViewController.swift in Sources */ = {isa = PBXBuildFile; fileRef = 3D4902D8217F93F5009A1040 /* ViewController.swift */; };
		3D4902DC217F93F5009A1040 /* Main.storyboard in Resources */ = {isa = PBXBuildFile; fileRef = 3D4902DA217F93F5009A1040 /* Main.storyboard */; };
		3D4902DE217F93F6009A1040 /* Assets.xcassets in Resources */ = {isa = PBXBuildFile; fileRef = 3D4902DD217F93F6009A1040 /* Assets.xcassets */; };
		3D4902E1217F93F6009A1040 /* LaunchScreen.storyboard in Resources */ = {isa = PBXBuildFile; fileRef = 3D4902DF217F93F6009A1040 /* LaunchScreen.storyboard */; };
		3D4902EC217F93F7009A1040 /* CITests.swift in Sources */ = {isa = PBXBuildFile; fileRef = 3D4902EB217F93F7009A1040 /* CITests.swift */; };
/* End PBXBuildFile section */

/* Begin PBXContainerItemProxy section */
		3D4902E8217F93F7009A1040 /* PBXContainerItemProxy */ = {
			isa = PBXContainerItemProxy;
			containerPortal = 3D4902CB217F93F5009A1040 /* Project object */;
			proxyType = 1;
			remoteGlobalIDString = 3D4902D2217F93F5009A1040;
			remoteInfo = CI;
		};
/* End PBXContainerItemProxy section */

/* Begin PBXFileReference section */
		3D4902D3217F93F5009A1040 /* CI.app */ = {isa = PBXFileReference; explicitFileType = wrapper.application; includeInIndex = 0; path = CI.app; sourceTree = BUILT_PRODUCTS_DIR; };
		3D4902D6217F93F5009A1040 /* AppDelegate.swift */ = {isa = PBXFileReference; lastKnownFileType = sourcecode.swift; path = AppDelegate.swift; sourceTree = "<group>"; };
		3D4902D8217F93F5009A1040 /* ViewController.swift */ = {isa = PBXFileReference; lastKnownFileType = sourcecode.swift; path = ViewController.swift; sourceTree = "<group>"; };
		3D4902DB217F93F5009A1040 /* Base */ = {isa = PBXFileReference; lastKnownFileType = file.storyboard; name = Base; path = Base.lproj/Main.storyboard; sourceTree = "<group>"; };
		3D4902DD217F93F6009A1040 /* Assets.xcassets */ = {isa = PBXFileReference; lastKnownFileType = folder.assetcatalog; path = Assets.xcassets; sourceTree = "<group>"; };
		3D4902E0217F93F6009A1040 /* Base */ = {isa = PBXFileReference; lastKnownFileType = file.storyboard; name = Base; path = Base.lproj/LaunchScreen.storyboard; sourceTree = "<group>"; };
		3D4902E2217F93F6009A1040 /* Info.plist */ = {isa = PBXFileReference; lastKnownFileType = text.plist.xml; path = Info.plist; sourceTree = "<group>"; };
		3D4902E7217F93F7009A1040 /* CITests.xctest */ = {isa = PBXFileReference; explicitFileType = wrapper.cfbundle; includeInIndex = 0; path = CITests.xctest; sourceTree = BUILT_PRODUCTS_DIR; };
		3D4902EB217F93F7009A1040 /* CITests.swift */ = {isa = PBXFileReference; lastKnownFileType = sourcecode.swift; path = CITests.swift; sourceTree = "<group>"; };
		3D4902ED217F93F7009A1040 /* Info.plist */ = {isa = PBXFileReference; lastKnownFileType = text.plist.xml; path = Info.plist; sourceTree = "<group>"; };
/* End PBXFileReference section */

/* Begin PBXFrameworksBuildPhase section */
		3D4902D0217F93F5009A1040 /* Frameworks */ = {
			isa = PBXFrameworksBuildPhase;
			buildActionMask = 2147483647;
			files = (
			);
			runOnlyForDeploymentPostprocessing = 0;
		};
		3D4902E4217F93F7009A1040 /* Frameworks */ = {
			isa = PBXFrameworksBuildPhase;
			buildActionMask = 2147483647;
			files = (
			);
			runOnlyForDeploymentPostprocessing = 0;
		};
/* End PBXFrameworksBuildPhase section */

/* Begin PBXGroup section */
		3D4902CA217F93F5009A1040 = {
			isa = PBXGroup;
			children = (
				3D4902D5217F93F5009A1040 /* CI */,
				3D4902EA217F93F7009A1040 /* CITests */,
				3D4902D4217F93F5009A1040 /* Products */,
			);
			sourceTree = "<group>";
		};
		3D4902D4217F93F5009A1040 /* Products */ = {
			isa = PBXGroup;
			children = (
				3D4902D3217F93F5009A1040 /* CI.app */,
				3D4902E7217F93F7009A1040 /* CITests.xctest */,
			);
			name = Products;
			sourceTree = "<group>";
		};
		3D4902D5217F93F5009A1040 /* CI */ = {
			isa = PBXGroup;
			children = (
				3D4902D6217F93F5009A1040 /* AppDelegate.swift */,
				3D4902D8217F93F5009A1040 /* ViewController.swift */,
				3D4902DA217F93F5009A1040 /* Main.storyboard */,
				3D4902DD217F93F6009A1040 /* Assets.xcassets */,
				3D4902DF217F93F6009A1040 /* LaunchScreen.storyboard */,
				3D4902E2217F93F6009A1040 /* Info.plist */,
			);
			path = CI;
			sourceTree = "<group>";
		};
		3D4902EA217F93F7009A1040 /* CITests */ = {
			isa = PBXGroup;
			children = (
				3D4902EB217F93F7009A1040 /* CITests.swift */,
				3D4902ED217F93F7009A1040 /* Info.plist */,
			);
			path = CITests;
			sourceTree = "<group>";
		};
/* End PBXGroup section */

/* Begin PBXNativeTarget section */
		3D4902D2217F93F5009A1040 /* CI */ = {
			isa = PBXNativeTarget;
			buildConfigurationList = 3D4902F0217F93F7009A1040 /* Build configuration list for PBXNativeTarget "CI" */;
			buildPhases = (
				3D4902CF217F93F5009A1040 /* Sources */,
				3D4902D0217F93F5009A1040 /* Frameworks */,
				3D4902D1217F93F5009A1040 /* Resources */,
			);
			buildRules = (
			);
			dependencies = (
			);
			name = CI;
			productName = CI;
			productReference = 3D4902D3217F93F5009A1040 /* CI.app */;
			productType = "com.apple.product-type.application";
		};
		3D4902E6217F93F7009A1040 /* CITests */ = {
			isa = PBXNativeTarget;
			buildConfigurationList = 3D4902F3217F93F7009A1040 /* Build configuration list for PBXNativeTarget "CITests" */;
			buildPhases = (
				3D4902E3217F93F7009A1040 /* Sources */,
				3D4902E4217F93F7009A1040 /* Frameworks */,
				3D4902E5217F93F7009A1040 /* Resources */,
			);
			buildRules = (
			);
			dependencies = (
				3D4902E9217F93F7009A1040 /* PBXTargetDependency */,
			);
			name = CITests;
			productName = CITests;
			productReference = 3D4902E7217F93F7009A1040 /* CITests.xctest */;
			productType = "com.apple.product-type.bundle.unit-test";
		};
/* End PBXNativeTarget section */

/* Begin PBXProject section */
		3D4902CB217F93F5009A1040 /* Project object */ = {
			isa = PBXProject;
			attributes = {
				LastSwiftUpdateCheck = 1000;
				LastUpgradeCheck = 1000;
				ORGANIZATIONNAME = "Ricardo Rachaus";
				TargetAttributes = {
					3D4902D2217F93F5009A1040 = {
						CreatedOnToolsVersion = 10.0;
					};
					3D4902E6217F93F7009A1040 = {
						CreatedOnToolsVersion = 10.0;
						TestTargetID = 3D4902D2217F93F5009A1040;
					};
				};
			};
			buildConfigurationList = 3D4902CE217F93F5009A1040 /* Build configuration list for PBXProject "CI" */;
			compatibilityVersion = "Xcode 9.3";
			developmentRegion = en;
			hasScannedForEncodings = 0;
			knownRegions = (
				en,
				Base,
			);
			mainGroup = 3D4902CA217F93F5009A1040;
			productRefGroup = 3D4902D4217F93F5009A1040 /* Products */;
			projectDirPath = "";
			projectRoot = "";
			targets = (
				3D4902D2217F93F5009A1040 /* CI */,
				3D4902E6217F93F7009A1040 /* CITests */,
			);
		};
/* End PBXProject section */

/* Begin PBXResourcesBuildPhase section */
		3D4902D1217F93F5009A1040 /* Resources */ = {
			isa = PBXResourcesBuildPhase;
			buildActionMask = 2147483647;
			files = (
				3D4902E1217F93F6009A1040 /* LaunchScreen.storyboard in Resources */,
				3D4902DE217F93F6009A1040 /* Assets.xcassets in Resources */,
				3D4902DC217F93F5009A1040 /* Main.storyboard in Resources */,
			);
			runOnlyForDeploymentPostprocessing = 0;
		};
		3D4902E5217F93F7009A1040 /* Resources */ = {
			isa = PBXResourcesBuildPhase;
			buildActionMask = 2147483647;
			files = (
			);
			runOnlyForDeploymentPostprocessing = 0;
		};
/* End PBXResourcesBuildPhase section */

/* Begin PBXSourcesBuildPhase section */
		3D4902CF217F93F5009A1040 /* Sources */ = {
			isa = PBXSourcesBuildPhase;
			buildActionMask = 2147483647;
			files = (
				3D4902D9217F93F5009A1040 /* ViewController.swift in Sources */,
				3D4902D7217F93F5009A1040 /* AppDelegate.swift in Sources */,
			);
			runOnlyForDeploymentPostprocessing = 0;
		};
		3D4902E3217F93F7009A1040 /* Sources */ = {
			isa = PBXSourcesBuildPhase;
			buildActionMask = 2147483647;
			files = (
				3D4902EC217F93F7009A1040 /* CITests.swift in Sources */,
			);
			runOnlyForDeploymentPostprocessing = 0;
		};
/* End PBXSourcesBuildPhase section */

/* Begin PBXTargetDependency section */
		3D4902E9217F93F7009A1040 /* PBXTargetDependency */ = {
			isa = PBXTargetDependency;
			target = 3D4902D2217F93F5009A1040 /* CI */;
			targetProxy = 3D4902E8217F93F7009A1040 /* PBXContainerItemProxy */;
		};
/* End PBXTargetDependency section */

/* Begin PBXVariantGroup section */
		3D4902DA217F93F5009A1040 /* Main.storyboard */ = {
			isa = PBXVariantGroup;
			children = (
				3D4902DB217F93F5009A1040 /* Base */,
			);
			name = Main.storyboard;
			sourceTree = "<group>";
		};
		3D4902DF217F93F6009A1040 /* LaunchScreen.storyboard */ = {
			isa = PBXVariantGroup;
			children = (
				3D4902E0217F93F6009A1040 /* Base */,
			);
			name = LaunchScreen.storyboard;
			sourceTree = "<group>";
		};
/* End PBXVariantGroup section */

/* Begin XCBuildConfiguration section */
		3D4902EE217F93F7009A1040 /* Debug */ = {
			isa = XCBuildConfiguration;
			buildSettings = {
				ALWAYS_SEARCH_USER_PATHS = NO;
				CLANG_ANALYZER_NONNULL = YES;
				CLANG_ANALYZER_NUMBER_OBJECT_CONVERSION = YES_AGGRESSIVE;
				CLANG_CXX_LANGUAGE_STANDARD = "gnu++14";
				CLANG_CXX_LIBRARY = "libc++";
				CLANG_ENABLE_MODULES = YES;
				CLANG_ENABLE_OBJC_ARC = YES;
				CLANG_ENABLE_OBJC_WEAK = YES;
				CLANG_WARN_BLOCK_CAPTURE_AUTORELEASING = YES;
				CLANG_WARN_BOOL_CONVERSION = YES;
				CLANG_WARN_COMMA = YES;
				CLANG_WARN_CONSTANT_CONVERSION = YES;
				CLANG_WARN_DEPRECATED_OBJC_IMPLEMENTATIONS = YES;
				CLANG_WARN_DIRECT_OBJC_ISA_USAGE = YES_ERROR;
				CLANG_WARN_DOCUMENTATION_COMMENTS = YES;
				CLANG_WARN_EMPTY_BODY = YES;
				CLANG_WARN_ENUM_CONVERSION = YES;
				CLANG_WARN_INFINITE_RECURSION = YES;
				CLANG_WARN_INT_CONVERSION = YES;
				CLANG_WARN_NON_LITERAL_NULL_CONVERSION = YES;
				CLANG_WARN_OBJC_IMPLICIT_RETAIN_SELF = YES;
				CLANG_WARN_OBJC_LITERAL_CONVERSION = YES;
				CLANG_WARN_OBJC_ROOT_CLASS = YES_ERROR;
				CLANG_WARN_RANGE_LOOP_ANALYSIS = YES;
				CLANG_WARN_STRICT_PROTOTYPES = YES;
				CLANG_WARN_SUSPICIOUS_MOVE = YES;
				CLANG_WARN_UNGUARDED_AVAILABILITY = YES_AGGRESSIVE;
				CLANG_WARN_UNREACHABLE_CODE = YES;
				CLANG_WARN__DUPLICATE_METHOD_MATCH = YES;
				CODE_SIGN_IDENTITY = "iPhone Developer";
				COPY_PHASE_STRIP = NO;
				DEBUG_INFORMATION_FORMAT = dwarf;
				ENABLE_STRICT_OBJC_MSGSEND = YES;
				ENABLE_TESTABILITY = YES;
				GCC_C_LANGUAGE_STANDARD = gnu11;
				GCC_DYNAMIC_NO_PIC = NO;
				GCC_NO_COMMON_BLOCKS = YES;
				GCC_OPTIMIZATION_LEVEL = 0;
				GCC_PREPROCESSOR_DEFINITIONS = (
					"DEBUG=1",
					"$(inherited)",
				);
				GCC_WARN_64_TO_32_BIT_CONVERSION = YES;
				GCC_WARN_ABOUT_RETURN_TYPE = YES_ERROR;
				GCC_WARN_UNDECLARED_SELECTOR = YES;
				GCC_WARN_UNINITIALIZED_AUTOS = YES_AGGRESSIVE;
				GCC_WARN_UNUSED_FUNCTION = YES;
				GCC_WARN_UNUSED_VARIABLE = YES;
				IPHONEOS_DEPLOYMENT_TARGET = 12.0;
				MTL_ENABLE_DEBUG_INFO = INCLUDE_SOURCE;
				MTL_FAST_MATH = YES;
				ONLY_ACTIVE_ARCH = YES;
				SDKROOT = iphoneos;
				SWIFT_ACTIVE_COMPILATION_CONDITIONS = DEBUG;
				SWIFT_OPTIMIZATION_LEVEL = "-Onone";
			};
			name = Debug;
		};
		3D4902EF217F93F7009A1040 /* Release */ = {
			isa = XCBuildConfiguration;
			buildSettings = {
				ALWAYS_SEARCH_USER_PATHS = NO;
				CLANG_ANALYZER_NONNULL = YES;
				CLANG_ANALYZER_NUMBER_OBJECT_CONVERSION = YES_AGGRESSIVE;
				CLANG_CXX_LANGUAGE_STANDARD = "gnu++14";
				CLANG_CXX_LIBRARY = "libc++";
				CLANG_ENABLE_MODULES = YES;
				CLANG_ENABLE_OBJC_ARC = YES;
				CLANG_ENABLE_OBJC_WEAK = YES;
				CLANG_WARN_BLOCK_CAPTURE_AUTORELEASING = YES;
				CLANG_WARN_BOOL_CONVERSION = YES;
				CLANG_WARN_COMMA = YES;
				CLANG_WARN_CONSTANT_CONVERSION = YES;
				CLANG_WARN_DEPRECATED_OBJC_IMPLEMENTATIONS = YES;
				CLANG_WARN_DIRECT_OBJC_ISA_USAGE = YES_ERROR;
				CLANG_WARN_DOCUMENTATION_COMMENTS = YES;
				CLANG_WARN_EMPTY_BODY = YES;
				CLANG_WARN_ENUM_CONVERSION = YES;
				CLANG_WARN_INFINITE_RECURSION = YES;
				CLANG_WARN_INT_CONVERSION = YES;
				CLANG_WARN_NON_LITERAL_NULL_CONVERSION = YES;
				CLANG_WARN_OBJC_IMPLICIT_RETAIN_SELF = YES;
				CLANG_WARN_OBJC_LITERAL_CONVERSION = YES;
				CLANG_WARN_OBJC_ROOT_CLASS = YES_ERROR;
				CLANG_WARN_RANGE_LOOP_ANALYSIS = YES;
				CLANG_WARN_STRICT_PROTOTYPES = YES;
				CLANG_WARN_SUSPICIOUS_MOVE = YES;
				CLANG_WARN_UNGUARDED_AVAILABILITY = YES_AGGRESSIVE;
				CLANG_WARN_UNREACHABLE_CODE = YES;
				CLANG_WARN__DUPLICATE_METHOD_MATCH = YES;
				CODE_SIGN_IDENTITY = "iPhone Developer";
				COPY_PHASE_STRIP = NO;
				DEBUG_INFORMATION_FORMAT = "dwarf-with-dsym";
				ENABLE_NS_ASSERTIONS = NO;
				ENABLE_STRICT_OBJC_MSGSEND = YES;
				GCC_C_LANGUAGE_STANDARD = gnu11;
				GCC_NO_COMMON_BLOCKS = YES;
				GCC_WARN_64_TO_32_BIT_CONVERSION = YES;
				GCC_WARN_ABOUT_RETURN_TYPE = YES_ERROR;
				GCC_WARN_UNDECLARED_SELECTOR = YES;
				GCC_WARN_UNINITIALIZED_AUTOS = YES_AGGRESSIVE;
				GCC_WARN_UNUSED_FUNCTION = YES;
				GCC_WARN_UNUSED_VARIABLE = YES;
				IPHONEOS_DEPLOYMENT_TARGET = 12.0;
				MTL_ENABLE_DEBUG_INFO = NO;
				MTL_FAST_MATH = YES;
				SDKROOT = iphoneos;
				SWIFT_COMPILATION_MODE = wholemodule;
				SWIFT_OPTIMIZATION_LEVEL = "-O";
				VALIDATE_PRODUCT = YES;
			};
			name = Release;
		};
		3D4902F1217F93F7009A1040 /* Debug */ = {
			isa = XCBuildConfiguration;
			buildSettings = {
				ASSETCATALOG_COMPILER_APPICON_NAME = AppIcon;
				CODE_SIGN_STYLE = Automatic;
				DEVELOPMENT_TEAM = G5J64VS4M5;
				INFOPLIST_FILE = CI/Info.plist;
				LD_RUNPATH_SEARCH_PATHS = (
					"$(inherited)",
					"@executable_path/Frameworks",
				);
				PRODUCT_BUNDLE_IDENTIFIER = rachaus.CI;
				PRODUCT_NAME = "$(TARGET_NAME)";
				SWIFT_VERSION = 4.2;
				TARGETED_DEVICE_FAMILY = "1,2";
			};
			name = Debug;
		};
		3D4902F2217F93F7009A1040 /* Release */ = {
			isa = XCBuildConfiguration;
			buildSettings = {
				ASSETCATALOG_COMPILER_APPICON_NAME = AppIcon;
				CODE_SIGN_STYLE = Automatic;
				DEVELOPMENT_TEAM = G5J64VS4M5;
				INFOPLIST_FILE = CI/Info.plist;
				LD_RUNPATH_SEARCH_PATHS = (
					"$(inherited)",
					"@executable_path/Frameworks",
				);
				PRODUCT_BUNDLE_IDENTIFIER = rachaus.CI;
				PRODUCT_NAME = "$(TARGET_NAME)";
				SWIFT_VERSION = 4.2;
				TARGETED_DEVICE_FAMILY = "1,2";
			};
			name = Release;
		};
		3D4902F4217F93F7009A1040 /* Debug */ = {
			isa = XCBuildConfiguration;
			buildSettings = {
				ALWAYS_EMBED_SWIFT_STANDARD_LIBRARIES = YES;
				BUNDLE_LOADER = "$(TEST_HOST)";
				CODE_SIGN_STYLE = Automatic;
				DEVELOPMENT_TEAM = G5J64VS4M5;
				INFOPLIST_FILE = CITests/Info.plist;
				LD_RUNPATH_SEARCH_PATHS = (
					"$(inherited)",
					"@executable_path/Frameworks",
					"@loader_path/Frameworks",
				);
				PRODUCT_BUNDLE_IDENTIFIER = rachaus.CITests;
				PRODUCT_NAME = "$(TARGET_NAME)";
				SWIFT_VERSION = 4.2;
				TARGETED_DEVICE_FAMILY = "1,2";
				TEST_HOST = "$(BUILT_PRODUCTS_DIR)/CI.app/CI";
			};
			name = Debug;
		};
		3D4902F5217F93F7009A1040 /* Release */ = {
			isa = XCBuildConfiguration;
			buildSettings = {
				ALWAYS_EMBED_SWIFT_STANDARD_LIBRARIES = YES;
				BUNDLE_LOADER = "$(TEST_HOST)";
				CODE_SIGN_STYLE = Automatic;
				DEVELOPMENT_TEAM = G5J64VS4M5;
				INFOPLIST_FILE = CITests/Info.plist;
				LD_RUNPATH_SEARCH_PATHS = (
					"$(inherited)",
					"@executable_path/Frameworks",
					"@loader_path/Frameworks",
				);
				PRODUCT_BUNDLE_IDENTIFIER = rachaus.CITests;
				PRODUCT_NAME = "$(TARGET_NAME)";
				SWIFT_VERSION = 4.2;
				TARGETED_DEVICE_FAMILY = "1,2";
				TEST_HOST = "$(BUILT_PRODUCTS_DIR)/CI.app/CI";
			};
			name = Release;
		};
/* End XCBuildConfiguration section */

/* Begin XCConfigurationList section */
		3D4902CE217F93F5009A1040 /* Build configuration list for PBXProject "CI" */ = {
			isa = XCConfigurationList;
			buildConfigurations = (
				3D4902EE217F93F7009A1040 /* Debug */,
				3D4902EF217F93F7009A1040 /* Release */,
			);
			defaultConfigurationIsVisible = 0;
			defaultConfigurationName = Release;
		};
		3D4902F0217F93F7009A1040 /* Build configuration list for PBXNativeTarget "CI" */ = {
			isa = XCConfigurationList;
			buildConfigurations = (
				3D4902F1217F93F7009A1040 /* Debug */,
				3D4902F2217F93F7009A1040 /* Release */,
			);
			defaultConfigurationIsVisible = 0;
			defaultConfigurationName = Release;
		};
		3D4902F3217F93F7009A1040 /* Build configuration list for PBXNativeTarget "CITests" */ = {
			isa = XCConfigurationList;
			buildConfigurations = (
				3D4902F4217F93F7009A1040 /* Debug */,
				3D4902F5217F93F7009A1040 /* Release */,
			);
			defaultConfigurationIsVisible = 0;
			defaultConfigurationName = Release;
		};
/* End XCConfigurationList section */
	};
	rootObject = 3D4902CB217F93F5009A1040 /* Project object */;
}
